
Microsoft Visual Studio Solution File, Format Version 12.00
# Visual Studio Version 17
VisualStudioVersion = 17.4.33213.308
MinimumVisualStudioVersion = 10.0.40219.1
Project("{9A19103F-16F7-4668-BE54-9A1E7A4F7556}") = "BulkyBookWeb", "BulkyWeb\BulkyBookWeb.csproj", "{02CF69DB-44FA-4D8E-BB24-8F3E01777373}"
EndProject
Project("{9A19103F-16F7-4668-BE54-9A1E7A4F7556}") = "BulkyBook.DataAccess", "Bulky.DataAccess\BulkyBook.DataAccess.csproj", "{313D18CE-DAAC-44D3-B3A2-F5A9FBDE73B4}"
EndProject
Project("{9A19103F-16F7-4668-BE54-9A1E7A4F7556}") = "BulkyBook.Models", "Bulky.Models\BulkyBook.Models.csproj", "{74E6006C-30E7-44BB-A933-55D76F663B39}"
EndProject
Project("{9A19103F-16F7-4668-BE54-9A1E7A4F7556}") = "BulkyBook.Utility", "Bulky.Utility\BulkyBook.Utility.csproj", "{9346EB21-1D65-4508-A417-00C79D2CA100}"
EndProject
Global
	GlobalSection(SolutionConfigurationPlatforms) = preSolution
		Debug|Any CPU = Debug|Any CPU
		Release|Any CPU = Release|Any CPU
	EndGlobalSection
	GlobalSection(ProjectConfigurationPlatforms) = postSolution
		{02CF69DB-44FA-4D8E-BB24-8F3E01777373}.Debug|Any CPU.ActiveCfg = Debug|Any CPU
		{02CF69DB-44FA-4D8E-BB24-8F3E01777373}.Debug|Any CPU.Build.0 = Debug|Any CPU
		{02CF69DB-44FA-4D8E-BB24-8F3E01777373}.Release|Any CPU.ActiveCfg = Release|Any CPU
		{02CF69DB-44FA-4D8E-BB24-8F3E01777373}.Release|Any CPU.Build.0 = Release|Any CPU
		{313D18CE-DAAC-44D3-B3A2-F5A9FBDE73B4}.Debug|Any CPU.ActiveCfg = Debug|Any CPU
		{313D18CE-DAAC-44D3-B3A2-F5A9FBDE73B4}.Debug|Any CPU.Build.0 = Debug|Any CPU
		{313D18CE-DAAC-44D3-B3A2-F5A9FBDE73B4}.Release|Any CPU.ActiveCfg = Release|Any CPU
		{313D18CE-DAAC-44D3-B3A2-F5A9FBDE73B4}.Release|Any CPU.Build.0 = Release|Any CPU
		{74E6006C-30E7-44BB-A933-55D76F663B39}.Debug|Any CPU.ActiveCfg = Debug|Any CPU
		{74E6006C-30E7-44BB-A933-55D76F663B39}.Debug|Any CPU.Build.0 = Debug|Any CPU
		{74E6006C-30E7-44BB-A933-55D76F663B39}.Release|Any CPU.ActiveCfg = Release|Any CPU
		{74E6006C-30E7-44BB-A933-55D76F663B39}.Release|Any CPU.Build.0 = Release|Any CPU
		{9346EB21-1D65-4508-A417-00C79D2CA100}.Debug|Any CPU.ActiveCfg = Debug|Any CPU
		{9346EB21-1D65-4508-A417-00C79D2CA100}.Debug|Any CPU.Build.0 = Debug|Any CPU
		{9346EB21-1D65-4508-A417-00C79D2CA100}.Release|Any CPU.ActiveCfg = Release|Any CPU
		{9346EB21-1D65-4508-A417-00C79D2CA100}.Release|Any CPU.Build.0 = Release|Any CPU
	EndGlobalSection
	GlobalSection(SolutionProperties) = preSolution
		HideSolutionNode = FALSE
	EndGlobalSection
	GlobalSection(ExtensibilityGlobals) = postSolution
		SolutionGuid = {135D3685-8EDD-4355-9850-2A148F462D77}
	EndGlobalSection
EndGlobal
